// !$*UTF8*$!
{
	archiveVersion = 1;
	classes = {
	};
	objectVersion = 56;
	objects = {

/* Begin PBXBuildFile section */
		118BFB5541AAC9DA15436AD2 /* CategoryBackfill.swift in Sources */ = {isa = PBXBuildFile; fileRef = 57651D08565724A1BAE6F605 /* CategoryBackfill.swift */; };
		1A4E712BC95FC383B12874A2 /* DetailInputUITests.swift in Sources */ = {isa = PBXBuildFile; fileRef = 40D5823E68C023B05405BB4D /* DetailInputUITests.swift */; };
		3C902C1B9DA21F3C341CA84A /* SpendCategory.swift in Sources */ = {isa = PBXBuildFile; fileRef = 1A456FED5C618337864A834A /* SpendCategory.swift */; };
		4536F9A53F1162CFE2BE5B5C /* FundLedger.swift in Sources */ = {isa = PBXBuildFile; fileRef = AA0B7291060E5D9A5AEF60E7 /* FundLedger.swift */; };
		7CE7411CA5CD6F19CD7362D8 /* SidebarFlowsUITests.swift in Sources */ = {isa = PBXBuildFile; fileRef = DEEF63B9171AD4582512DAA8 /* SidebarFlowsUITests.swift */; };
		877E3E0B12AAC5A35C3E33AF /* CategoryTemplateStore.swift in Sources */ = {isa = PBXBuildFile; fileRef = 2BEED678BBC5469D426A4300 /* CategoryTemplateStore.swift */; };
		9CA0EFA6E88F2AEDE2B8CF20 /* RoutingCategory.swift in Sources */ = {isa = PBXBuildFile; fileRef = C2DF4C52B902210D9C97228F /* RoutingCategory.swift */; };
		A00000000000000000000001 /* ClearanceApp.swift in Sources */ = {isa = PBXBuildFile; fileRef = A10000000000000000000001 /* ClearanceApp.swift */; };
		A00000000000000000000002 /* ClearanceAppModel.swift in Sources */ = {isa = PBXBuildFile; fileRef = A10000000000000000000002 /* ClearanceAppModel.swift */; };
		A00000000000000000000003 /* MonthlyReview.swift in Sources */ = {isa = PBXBuildFile; fileRef = A10000000000000000000003 /* MonthlyReview.swift */; };
		A00000000000000000000004 /* ClearanceSettings.swift in Sources */ = {isa = PBXBuildFile; fileRef = A10000000000000000000004 /* ClearanceSettings.swift */; };
		A00000000000000000000005 /* DataExportManager.swift in Sources */ = {isa = PBXBuildFile; fileRef = A10000000000000000000005 /* DataExportManager.swift */; };
		A00000000000000000000006 /* Formatters.swift in Sources */ = {isa = PBXBuildFile; fileRef = A10000000000000000000006 /* Formatters.swift */; };
		A00000000000000000000007 /* RootView.swift in Sources */ = {isa = PBXBuildFile; fileRef = A10000000000000000000007 /* RootView.swift */; };
		A00000000000000000000008 /* SettingsView.swift in Sources */ = {isa = PBXBuildFile; fileRef = A10000000000000000000008 /* SettingsView.swift */; };
		A00000000000000000000009 /* SidebarView.swift in Sources */ = {isa = PBXBuildFile; fileRef = A10000000000000000000009 /* SidebarView.swift */; };
		A0000000000000000000000A /* MonthDetailView.swift in Sources */ = {isa = PBXBuildFile; fileRef = A1000000000000000000000A /* MonthDetailView.swift */; };
		A0000000000000000000000B /* InsightsView.swift in Sources */ = {isa = PBXBuildFile; fileRef = A1000000000000000000000B /* InsightsView.swift */; };
		A0000000000000000000000C /* InsightsViewModel.swift in Sources */ = {isa = PBXBuildFile; fileRef = A1000000000000000000000D /* InsightsViewModel.swift */; };
		A0000000000000000000000D /* WindowChromeConfigurator.swift in Sources */ = {isa = PBXBuildFile; fileRef = A1000000000000000000000E /* WindowChromeConfigurator.swift */; };
		A0000000000000000000000E /* AppZoomController.swift in Sources */ = {isa = PBXBuildFile; fileRef = A1000000000000000000000F /* AppZoomController.swift */; };
		A0000000000000000000000F /* AppZoomEnvironment.swift in Sources */ = {isa = PBXBuildFile; fileRef = A10000000000000000000010 /* AppZoomEnvironment.swift */; };
		A00000000000000000000010 /* RevertableInputRow.swift in Sources */ = {isa = PBXBuildFile; fileRef = A10000000000000000000011 /* RevertableInputRow.swift */; };
		A9E80A980324E02BF90B5884 /* ClearanceUITestCase.swift in Sources */ = {isa = PBXBuildFile; fileRef = DB3094350E8753736E545FD2 /* ClearanceUITestCase.swift */; };
		DFD032B7E721A844209C88B7 /* Cocoa.framework in Frameworks */ = {isa = PBXBuildFile; fileRef = D7BB1B2864D8053283475FE9 /* Cocoa.framework */; };
		EB7C0A5016C2D03C2A795C79 /* MenusAndSettingsUITests.swift in Sources */ = {isa = PBXBuildFile; fileRef = 991744E68A8E12774D879A8D /* MenusAndSettingsUITests.swift */; };
		EC20877B269E33B0686471FD /* Fund.swift in Sources */ = {isa = PBXBuildFile; fileRef = ABCE049F87F4A062384F7147 /* Fund.swift */; };
		FB5F51311915099A0F2D2412 /* GlassSurface.swift in Sources */ = {isa = PBXBuildFile; fileRef = 4B2BEF6D1DCB69DE3ECE8EFE /* GlassSurface.swift */; };
/* End PBXBuildFile section */

/* Begin PBXContainerItemProxy section */
		838B44E9A27C7B1968D88744 /* PBXContainerItemProxy */ = {
			isa = PBXContainerItemProxy;
			containerPortal = A50000000000000000000001 /* Project object */;
			proxyType = 1;
			remoteGlobalIDString = A40000000000000000000001;
			remoteInfo = Clearance;
		};
/* End PBXContainerItemProxy section */

/* Begin PBXFileReference section */
		1A456FED5C618337864A834A /* SpendCategory.swift */ = {isa = PBXFileReference; includeInIndex = 1; lastKnownFileType = sourcecode.swift; path = SpendCategory.swift; sourceTree = "<group>"; };
		2BEED678BBC5469D426A4300 /* CategoryTemplateStore.swift */ = {isa = PBXFileReference; includeInIndex = 1; lastKnownFileType = sourcecode.swift; path = CategoryTemplateStore.swift; sourceTree = "<group>"; };
		40D5823E68C023B05405BB4D /* DetailInputUITests.swift */ = {isa = PBXFileReference; includeInIndex = 1; lastKnownFileType = sourcecode.swift; path = DetailInputUITests.swift; sourceTree = "<group>"; };
		4B2BEF6D1DCB69DE3ECE8EFE /* GlassSurface.swift */ = {isa = PBXFileReference; includeInIndex = 1; lastKnownFileType = sourcecode.swift; path = GlassSurface.swift; sourceTree = "<group>"; };
		57651D08565724A1BAE6F605 /* CategoryBackfill.swift */ = {isa = PBXFileReference; includeInIndex = 1; lastKnownFileType = sourcecode.swift; path = CategoryBackfill.swift; sourceTree = "<group>"; };
		991744E68A8E12774D879A8D /* MenusAndSettingsUITests.swift */ = {isa = PBXFileReference; includeInIndex = 1; lastKnownFileType = sourcecode.swift; path = MenusAndSettingsUITests.swift; sourceTree = "<group>"; };
		A10000000000000000000001 /* ClearanceApp.swift */ = {isa = PBXFileReference; lastKnownFileType = sourcecode.swift; path = ClearanceApp.swift; sourceTree = "<group>"; };
		A10000000000000000000002 /* ClearanceAppModel.swift */ = {isa = PBXFileReference; lastKnownFileType = sourcecode.swift; path = ClearanceAppModel.swift; sourceTree = "<group>"; };
		A10000000000000000000003 /* MonthlyReview.swift */ = {isa = PBXFileReference; lastKnownFileType = sourcecode.swift; path = MonthlyReview.swift; sourceTree = "<group>"; };
		A10000000000000000000004 /* ClearanceSettings.swift */ = {isa = PBXFileReference; lastKnownFileType = sourcecode.swift; path = ClearanceSettings.swift; sourceTree = "<group>"; };
		A10000000000000000000005 /* DataExportManager.swift */ = {isa = PBXFileReference; lastKnownFileType = sourcecode.swift; path = DataExportManager.swift; sourceTree = "<group>"; };
		A10000000000000000000006 /* Formatters.swift */ = {isa = PBXFileReference; lastKnownFileType = sourcecode.swift; path = Formatters.swift; sourceTree = "<group>"; };
		A10000000000000000000007 /* RootView.swift */ = {isa = PBXFileReference; lastKnownFileType = sourcecode.swift; path = RootView.swift; sourceTree = "<group>"; };
		A10000000000000000000008 /* SettingsView.swift */ = {isa = PBXFileReference; lastKnownFileType = sourcecode.swift; path = SettingsView.swift; sourceTree = "<group>"; };
		A10000000000000000000009 /* SidebarView.swift */ = {isa = PBXFileReference; lastKnownFileType = sourcecode.swift; path = SidebarView.swift; sourceTree = "<group>"; };
		A1000000000000000000000A /* MonthDetailView.swift */ = {isa = PBXFileReference; lastKnownFileType = sourcecode.swift; path = MonthDetailView.swift; sourceTree = "<group>"; };
		A1000000000000000000000B /* InsightsView.swift */ = {isa = PBXFileReference; lastKnownFileType = sourcecode.swift; path = InsightsView.swift; sourceTree = "<group>"; };
		A1000000000000000000000C /* Clearance.app */ = {isa = PBXFileReference; explicitFileType = wrapper.application; includeInIndex = 0; path = Clearance.app; sourceTree = BUILT_PRODUCTS_DIR; };
		A1000000000000000000000D /* InsightsViewModel.swift */ = {isa = PBXFileReference; lastKnownFileType = sourcecode.swift; path = InsightsViewModel.swift; sourceTree = "<group>"; };
		A1000000000000000000000E /* WindowChromeConfigurator.swift */ = {isa = PBXFileReference; lastKnownFileType = sourcecode.swift; path = WindowChromeConfigurator.swift; sourceTree = "<group>"; };
		A1000000000000000000000F /* AppZoomController.swift */ = {isa = PBXFileReference; lastKnownFileType = sourcecode.swift; path = AppZoomController.swift; sourceTree = "<group>"; };
		A10000000000000000000010 /* AppZoomEnvironment.swift */ = {isa = PBXFileReference; lastKnownFileType = sourcecode.swift; path = AppZoomEnvironment.swift; sourceTree = "<group>"; };
		A10000000000000000000011 /* RevertableInputRow.swift */ = {isa = PBXFileReference; lastKnownFileType = sourcecode.swift; path = RevertableInputRow.swift; sourceTree = "<group>"; };
		AA0B7291060E5D9A5AEF60E7 /* FundLedger.swift */ = {isa = PBXFileReference; includeInIndex = 1; lastKnownFileType = sourcecode.swift; path = FundLedger.swift; sourceTree = "<group>"; };
		ABCE049F87F4A062384F7147 /* Fund.swift */ = {isa = PBXFileReference; includeInIndex = 1; lastKnownFileType = sourcecode.swift; path = Fund.swift; sourceTree = "<group>"; };
		C2DF4C52B902210D9C97228F /* RoutingCategory.swift */ = {isa = PBXFileReference; includeInIndex = 1; lastKnownFileType = sourcecode.swift; path = RoutingCategory.swift; sourceTree = "<group>"; };
		D7BB1B2864D8053283475FE9 /* Cocoa.framework */ = {isa = PBXFileReference; lastKnownFileType = wrapper.framework; name = Cocoa.framework; path = Platforms/MacOSX.platform/Developer/SDKs/MacOSX15.0.sdk/System/Library/Frameworks/Cocoa.framework; sourceTree = DEVELOPER_DIR; };
		DB3094350E8753736E545FD2 /* ClearanceUITestCase.swift */ = {isa = PBXFileReference; includeInIndex = 1; lastKnownFileType = sourcecode.swift; path = ClearanceUITestCase.swift; sourceTree = "<group>"; };
		DEEF63B9171AD4582512DAA8 /* SidebarFlowsUITests.swift */ = {isa = PBXFileReference; includeInIndex = 1; lastKnownFileType = sourcecode.swift; path = SidebarFlowsUITests.swift; sourceTree = "<group>"; };
		EEA8A002AFD9C55D4C3178BC /* ClearanceUITests.xctest */ = {isa = PBXFileReference; explicitFileType = wrapper.cfbundle; includeInIndex = 0; path = ClearanceUITests.xctest; sourceTree = BUILT_PRODUCTS_DIR; };
/* End PBXFileReference section */

/* Begin PBXFrameworksBuildPhase section */
		A20000000000000000000001 /* Frameworks */ = {
			isa = PBXFrameworksBuildPhase;
			buildActionMask = 2147483647;
			files = (
			);
			runOnlyForDeploymentPostprocessing = 0;
		};
		A3D8FC6931BE0D9878046EAC /* Frameworks */ = {
			isa = PBXFrameworksBuildPhase;
			buildActionMask = 2147483647;
			files = (
				DFD032B7E721A844209C88B7 /* Cocoa.framework in Frameworks */,
			);
			runOnlyForDeploymentPostprocessing = 0;
		};
/* End PBXFrameworksBuildPhase section */

/* Begin PBXGroup section */
		20647392D5157E561FC96907 /* Frameworks */ = {
			isa = PBXGroup;
			children = (
				F76F3C62479F915DC8DD1A4B /* OS X */,
			);
			name = Frameworks;
			sourceTree = "<group>";
		};
		A30000000000000000000001 = {
			isa = PBXGroup;
			children = (
				A30000000000000000000002 /* Clearance */,
				A30000000000000000000003 /* Products */,
				20647392D5157E561FC96907 /* Frameworks */,
				F25482A0D3C7EC809EC39356 /* ClearanceUITests */,
			);
			sourceTree = "<group>";
		};
		A30000000000000000000002 /* Clearance */ = {
			isa = PBXGroup;
			children = (
				A10000000000000000000001 /* ClearanceApp.swift */,
				A10000000000000000000002 /* ClearanceAppModel.swift */,
				A30000000000000000000004 /* Models */,
				A30000000000000000000007 /* ViewModels */,
				A30000000000000000000005 /* Views */,
				A30000000000000000000006 /* Utilities */,
			);
			path = Clearance;
			sourceTree = "<group>";
		};
		A30000000000000000000003 /* Products */ = {
			isa = PBXGroup;
			children = (
				A1000000000000000000000C /* Clearance.app */,
				EEA8A002AFD9C55D4C3178BC /* ClearanceUITests.xctest */,
			);
			name = Products;
			sourceTree = "<group>";
		};
		A30000000000000000000004 /* Models */ = {
			isa = PBXGroup;
			children = (
				A10000000000000000000003 /* MonthlyReview.swift */,
				1A456FED5C618337864A834A /* SpendCategory.swift */,
				C2DF4C52B902210D9C97228F /* RoutingCategory.swift */,
				ABCE049F87F4A062384F7147 /* Fund.swift */,
			);
			path = Models;
			sourceTree = "<group>";
		};
		A30000000000000000000005 /* Views */ = {
			isa = PBXGroup;
			children = (
				A10000000000000000000007 /* RootView.swift */,
				A10000000000000000000008 /* SettingsView.swift */,
				A10000000000000000000009 /* SidebarView.swift */,
				A1000000000000000000000A /* MonthDetailView.swift */,
				A1000000000000000000000B /* InsightsView.swift */,
			);
			path = Views;
			sourceTree = "<group>";
		};
		A30000000000000000000006 /* Utilities */ = {
			isa = PBXGroup;
			children = (
				A10000000000000000000004 /* ClearanceSettings.swift */,
				A10000000000000000000005 /* DataExportManager.swift */,
				A10000000000000000000006 /* Formatters.swift */,
				A1000000000000000000000E /* WindowChromeConfigurator.swift */,
				A1000000000000000000000F /* AppZoomController.swift */,
				A10000000000000000000010 /* AppZoomEnvironment.swift */,
				A10000000000000000000011 /* RevertableInputRow.swift */,
				4B2BEF6D1DCB69DE3ECE8EFE /* GlassSurface.swift */,
				2BEED678BBC5469D426A4300 /* CategoryTemplateStore.swift */,
				57651D08565724A1BAE6F605 /* CategoryBackfill.swift */,
				AA0B7291060E5D9A5AEF60E7 /* FundLedger.swift */,
			);
			path = Utilities;
			sourceTree = "<group>";
		};
		A30000000000000000000007 /* ViewModels */ = {
			isa = PBXGroup;
			children = (
				A1000000000000000000000D /* InsightsViewModel.swift */,
			);
			path = ViewModels;
			sourceTree = "<group>";
		};
		F25482A0D3C7EC809EC39356 /* ClearanceUITests */ = {
			isa = PBXGroup;
			children = (
				DB3094350E8753736E545FD2 /* ClearanceUITestCase.swift */,
				DEEF63B9171AD4582512DAA8 /* SidebarFlowsUITests.swift */,
				40D5823E68C023B05405BB4D /* DetailInputUITests.swift */,
				991744E68A8E12774D879A8D /* MenusAndSettingsUITests.swift */,
			);
			name = ClearanceUITests;
			path = ClearanceUITests;
			sourceTree = "<group>";
		};
		F76F3C62479F915DC8DD1A4B /* OS X */ = {
			isa = PBXGroup;
			children = (
				D7BB1B2864D8053283475FE9 /* Cocoa.framework */,
			);
			name = "OS X";
			sourceTree = "<group>";
		};
/* End PBXGroup section */

/* Begin PBXNativeTarget section */
		7B927AF7683468243E43117C /* ClearanceUITests */ = {
			isa = PBXNativeTarget;
			buildConfigurationList = 82378A1274D01E973562A95D /* Build configuration list for PBXNativeTarget "ClearanceUITests" */;
			buildPhases = (
				A222998899A10FF5148D1943 /* Sources */,
				A3D8FC6931BE0D9878046EAC /* Frameworks */,
				60E7524D5BBAC87D7E3359BE /* Resources */,
			);
			buildRules = (
			);
			dependencies = (
				370DBEC6559A939DD1C3ABC7 /* PBXTargetDependency */,
			);
			name = ClearanceUITests;
			productName = ClearanceUITests;
			productReference = EEA8A002AFD9C55D4C3178BC /* ClearanceUITests.xctest */;
			productType = "com.apple.product-type.bundle.ui-testing";
		};
		A40000000000000000000001 /* Clearance */ = {
			isa = PBXNativeTarget;
			buildConfigurationList = A80000000000000000000002 /* Build configuration list for PBXNativeTarget "Clearance" */;
			buildPhases = (
				A60000000000000000000001 /* Sources */,
				A20000000000000000000001 /* Frameworks */,
				A70000000000000000000001 /* Resources */,
			);
			buildRules = (
			);
			dependencies = (
			);
			name = Clearance;
			productName = Clearance;
			productReference = A1000000000000000000000C /* Clearance.app */;
			productType = "com.apple.product-type.application";
		};
/* End PBXNativeTarget section */

/* Begin PBXProject section */
		A50000000000000000000001 /* Project object */ = {
			isa = PBXProject;
			attributes = {
				BuildIndependentTargetsInParallel = 1;
				LastSwiftUpdateCheck = 1600;
				LastUpgradeCheck = 1600;
				TargetAttributes = {
					A40000000000000000000001 = {
						CreatedOnToolsVersion = 16.0;
					};
				};
			};
			buildConfigurationList = A80000000000000000000001 /* Build configuration list for PBXProject "Clearance" */;
			compatibilityVersion = "Xcode 14.0";
			developmentRegion = en;
			hasScannedForEncodings = 0;
			knownRegions = (
				en,
				Base,
			);
			mainGroup = A30000000000000000000001;
			productRefGroup = A30000000000000000000003 /* Products */;
			projectDirPath = "";
			projectRoot = "";
			targets = (
				A40000000000000000000001 /* Clearance */,
				7B927AF7683468243E43117C /* ClearanceUITests */,
			);
		};
/* End PBXProject section */

/* Begin PBXResourcesBuildPhase section */
		60E7524D5BBAC87D7E3359BE /* Resources */ = {
			isa = PBXResourcesBuildPhase;
			buildActionMask = 2147483647;
			files = (
			);
			runOnlyForDeploymentPostprocessing = 0;
		};
		A70000000000000000000001 /* Resources */ = {
			isa = PBXResourcesBuildPhase;
			buildActionMask = 2147483647;
			files = (
			);
			runOnlyForDeploymentPostprocessing = 0;
		};
/* End PBXResourcesBuildPhase section */

/* Begin PBXSourcesBuildPhase section */
		A222998899A10FF5148D1943 /* Sources */ = {
			isa = PBXSourcesBuildPhase;
			buildActionMask = 2147483647;
			files = (
				A9E80A980324E02BF90B5884 /* ClearanceUITestCase.swift in Sources */,
				7CE7411CA5CD6F19CD7362D8 /* SidebarFlowsUITests.swift in Sources */,
				1A4E712BC95FC383B12874A2 /* DetailInputUITests.swift in Sources */,
				EB7C0A5016C2D03C2A795C79 /* MenusAndSettingsUITests.swift in Sources */,
			);
			runOnlyForDeploymentPostprocessing = 0;
		};
		A60000000000000000000001 /* Sources */ = {
			isa = PBXSourcesBuildPhase;
			buildActionMask = 2147483647;
			files = (
				A00000000000000000000001 /* ClearanceApp.swift in Sources */,
				A00000000000000000000002 /* ClearanceAppModel.swift in Sources */,
				A00000000000000000000003 /* MonthlyReview.swift in Sources */,
				A00000000000000000000004 /* ClearanceSettings.swift in Sources */,
				A00000000000000000000005 /* DataExportManager.swift in Sources */,
				A00000000000000000000006 /* Formatters.swift in Sources */,
				A00000000000000000000007 /* RootView.swift in Sources */,
				A00000000000000000000008 /* SettingsView.swift in Sources */,
				A00000000000000000000009 /* SidebarView.swift in Sources */,
				A0000000000000000000000A /* MonthDetailView.swift in Sources */,
				A0000000000000000000000B /* InsightsView.swift in Sources */,
				A0000000000000000000000C /* InsightsViewModel.swift in Sources */,
				A0000000000000000000000D /* WindowChromeConfigurator.swift in Sources */,
				A0000000000000000000000E /* AppZoomController.swift in Sources */,
				A0000000000000000000000F /* AppZoomEnvironment.swift in Sources */,
				A00000000000000000000010 /* RevertableInputRow.swift in Sources */,
				FB5F51311915099A0F2D2412 /* GlassSurface.swift in Sources */,
				3C902C1B9DA21F3C341CA84A /* SpendCategory.swift in Sources */,
				9CA0EFA6E88F2AEDE2B8CF20 /* RoutingCategory.swift in Sources */,
				877E3E0B12AAC5A35C3E33AF /* CategoryTemplateStore.swift in Sources */,
				118BFB5541AAC9DA15436AD2 /* CategoryBackfill.swift in Sources */,
				EC20877B269E33B0686471FD /* Fund.swift in Sources */,
				4536F9A53F1162CFE2BE5B5C /* FundLedger.swift in Sources */,
			);
			runOnlyForDeploymentPostprocessing = 0;
		};
/* End PBXSourcesBuildPhase section */

/* Begin PBXTargetDependency section */
		370DBEC6559A939DD1C3ABC7 /* PBXTargetDependency */ = {
			isa = PBXTargetDependency;
			name = Clearance;
			target = A40000000000000000000001 /* Clearance */;
			targetProxy = 838B44E9A27C7B1968D88744 /* PBXContainerItemProxy */;
		};
/* End PBXTargetDependency section */

/* Begin XCBuildConfiguration section */
		28DDA68B5D934826CEAA4669 /* Release */ = {
			isa = XCBuildConfiguration;
			buildSettings = {
				ALWAYS_EMBED_SWIFT_STANDARD_LIBRARIES = YES;
				CODE_SIGN_IDENTITY = "-";
				CODE_SIGN_STYLE = Automatic;
				DEVELOPMENT_TEAM = "";
				GENERATE_INFOPLIST_FILE = YES;
				MACOSX_DEPLOYMENT_TARGET = 14.0;
				PRODUCT_BUNDLE_IDENTIFIER = com.giladshpigelman.ClearanceUITests;
				PRODUCT_NAME = "$(TARGET_NAME)";
				SDKROOT = macosx;
				SWIFT_EMIT_LOC_STRINGS = NO;
				SWIFT_VERSION = 5.0;
				TEST_TARGET_NAME = Clearance;
			};
			name = Release;
		};
		3C5277BCEB668D44999DAFE4 /* Debug */ = {
			isa = XCBuildConfiguration;
			buildSettings = {
				ALWAYS_EMBED_SWIFT_STANDARD_LIBRARIES = YES;
				CODE_SIGN_IDENTITY = "-";
				CODE_SIGN_STYLE = Automatic;
				DEVELOPMENT_TEAM = "";
				GENERATE_INFOPLIST_FILE = YES;
				MACOSX_DEPLOYMENT_TARGET = 14.0;
				PRODUCT_BUNDLE_IDENTIFIER = com.giladshpigelman.ClearanceUITests;
				PRODUCT_NAME = "$(TARGET_NAME)";
				SDKROOT = macosx;
				SWIFT_EMIT_LOC_STRINGS = NO;
				SWIFT_VERSION = 5.0;
				TEST_TARGET_NAME = Clearance;
			};
			name = Debug;
		};
		A90000000000000000000001 /* Debug */ = {
			isa = XCBuildConfiguration;
			buildSettings = {
				ALWAYS_SEARCH_USER_PATHS = NO;
				CLANG_ANALYZER_NONNULL = YES;
				CLANG_ANALYZER_NUMBER_OBJECT_CONVERSION = YES_AGGRESSIVE;
				CLANG_CXX_LANGUAGE_STANDARD = "gnu++20";
				CLANG_ENABLE_MODULES = YES;
				CLANG_ENABLE_OBJC_ARC = YES;
				CLANG_ENABLE_OBJC_WEAK = YES;
				CLANG_WARN_BLOCK_CAPTURE_AUTORELEASING = YES;
				CLANG_WARN_BOOL_CONVERSION = YES;
				CLANG_WARN_COMMA = YES;
				CLANG_WARN_CONSTANT_CONVERSION = YES;
				CLANG_WARN_DEPRECATED_OBJC_IMPLEMENTATIONS = YES;
				CLANG_WARN_DIRECT_OBJC_ISA_USAGE = YES_ERROR;
				CLANG_WARN_DOCUMENTATION_COMMENTS = YES;
				CLANG_WARN_EMPTY_BODY = YES;
				CLANG_WARN_ENUM_CONVERSION = YES;
				CLANG_WARN_INFINITE_RECURSION = YES;
				CLANG_WARN_INT_CONVERSION = YES;
				CLANG_WARN_NON_LITERAL_NULL_CONVERSION = YES;
				CLANG_WARN_OBJC_IMPLICIT_RETAIN_SELF = YES;
				CLANG_WARN_OBJC_LITERAL_CONVERSION = YES;
				CLANG_WARN_OBJC_ROOT_CLASS = YES_ERROR;
				CLANG_WARN_QUOTED_INCLUDE_IN_FRAMEWORK_HEADER = YES;
				CLANG_WARN_RANGE_LOOP_ANALYSIS = YES;
				CLANG_WARN_STRICT_PROTOTYPES = YES;
				CLANG_WARN_SUSPICIOUS_MOVE = YES;
				CLANG_WARN_UNGUARDED_AVAILABILITY = YES_AGGRESSIVE;
				CLANG_WARN_UNREACHABLE_CODE = YES;
				CLANG_WARN__DUPLICATE_METHOD_MATCH = YES;
				COPY_PHASE_STRIP = NO;
				DEBUG_INFORMATION_FORMAT = dwarf;
				ENABLE_STRICT_OBJC_MSGSEND = YES;
				ENABLE_TESTABILITY = YES;
				GCC_C_LANGUAGE_STANDARD = gnu17;
				GCC_DYNAMIC_NO_PIC = NO;
				GCC_NO_COMMON_BLOCKS = YES;
				GCC_OPTIMIZATION_LEVEL = 0;
				GCC_PREPROCESSOR_DEFINITIONS = (
					"DEBUG=1",
					"$(inherited)",
				);
				GCC_WARN_64_TO_32_BIT_CONVERSION = YES;
				GCC_WARN_ABOUT_RETURN_TYPE = YES_ERROR;
				GCC_WARN_UNDECLARED_SELECTOR = YES;
				GCC_WARN_UNINITIALIZED_AUTOS = YES_AGGRESSIVE;
				GCC_WARN_UNUSED_FUNCTION = YES;
				GCC_WARN_UNUSED_VARIABLE = YES;
				MACOSX_DEPLOYMENT_TARGET = 14.0;
				MTL_ENABLE_DEBUG_INFO = INCLUDE_SOURCE;
				MTL_FAST_MATH = YES;
				ONLY_ACTIVE_ARCH = YES;
				SDKROOT = macosx;
				SWIFT_ACTIVE_COMPILATION_CONDITIONS = DEBUG;
				SWIFT_OPTIMIZATION_LEVEL = "-Onone";
			};
			name = Debug;
		};
		A90000000000000000000002 /* Release */ = {
			isa = XCBuildConfiguration;
			buildSettings = {
				ALWAYS_SEARCH_USER_PATHS = NO;
				CLANG_ANALYZER_NONNULL = YES;
				CLANG_ANALYZER_NUMBER_OBJECT_CONVERSION = YES_AGGRESSIVE;
				CLANG_CXX_LANGUAGE_STANDARD = "gnu++20";
				CLANG_ENABLE_MODULES = YES;
				CLANG_ENABLE_OBJC_ARC = YES;
				CLANG_ENABLE_OBJC_WEAK = YES;
				CLANG_WARN_BLOCK_CAPTURE_AUTORELEASING = YES;
				CLANG_WARN_BOOL_CONVERSION = YES;
				CLANG_WARN_COMMA = YES;
				CLANG_WARN_CONSTANT_CONVERSION = YES;
				CLANG_WARN_DEPRECATED_OBJC_IMPLEMENTATIONS = YES;
				CLANG_WARN_DIRECT_OBJC_ISA_USAGE = YES_ERROR;
				CLANG_WARN_DOCUMENTATION_COMMENTS = YES;
				CLANG_WARN_EMPTY_BODY = YES;
				CLANG_WARN_ENUM_CONVERSION = YES;
				CLANG_WARN_INFINITE_RECURSION = YES;
				CLANG_WARN_INT_CONVERSION = YES;
				CLANG_WARN_NON_LITERAL_NULL_CONVERSION = YES;
				CLANG_WARN_OBJC_IMPLICIT_RETAIN_SELF = YES;
				CLANG_WARN_OBJC_LITERAL_CONVERSION = YES;
				CLANG_WARN_OBJC_ROOT_CLASS = YES_ERROR;
				CLANG_WARN_QUOTED_INCLUDE_IN_FRAMEWORK_HEADER = YES;
				CLANG_WARN_RANGE_LOOP_ANALYSIS = YES;
				CLANG_WARN_STRICT_PROTOTYPES = YES;
				CLANG_WARN_SUSPICIOUS_MOVE = YES;
				CLANG_WARN_UNGUARDED_AVAILABILITY = YES_AGGRESSIVE;
				CLANG_WARN_UNREACHABLE_CODE = YES;
				CLANG_WARN__DUPLICATE_METHOD_MATCH = YES;
				COPY_PHASE_STRIP = NO;
				DEBUG_INFORMATION_FORMAT = "dwarf-with-dsym";
				ENABLE_NS_ASSERTIONS = NO;
				ENABLE_STRICT_OBJC_MSGSEND = YES;
				GCC_C_LANGUAGE_STANDARD = gnu17;
				GCC_NO_COMMON_BLOCKS = YES;
				GCC_WARN_64_TO_32_BIT_CONVERSION = YES;
				GCC_WARN_ABOUT_RETURN_TYPE = YES_ERROR;
				GCC_WARN_UNDECLARED_SELECTOR = YES;
				GCC_WARN_UNINITIALIZED_AUTOS = YES_AGGRESSIVE;
				GCC_WARN_UNUSED_FUNCTION = YES;
				GCC_WARN_UNUSED_VARIABLE = YES;
				MACOSX_DEPLOYMENT_TARGET = 14.0;
				MTL_ENABLE_DEBUG_INFO = NO;
				MTL_FAST_MATH = YES;
				SDKROOT = macosx;
				SWIFT_COMPILATION_MODE = wholemodule;
				SWIFT_OPTIMIZATION_LEVEL = "-O";
			};
			name = Release;
		};
		A90000000000000000000003 /* Debug */ = {
			isa = XCBuildConfiguration;
			buildSettings = {
				CODE_SIGN_IDENTITY = "-";
				CODE_SIGN_STYLE = Automatic;
				CURRENT_PROJECT_VERSION = 1;
				DEVELOPMENT_ASSET_PATHS = "";
				DEVELOPMENT_TEAM = "";
				ENABLE_HARDENED_RUNTIME = YES;
				ENABLE_PREVIEWS = YES;
				GENERATE_INFOPLIST_FILE = YES;
				INFOPLIST_KEY_CFBundleDisplayName = Clearance;
				INFOPLIST_KEY_LSApplicationCategoryType = "public.app-category.finance";
				INFOPLIST_KEY_NSHumanReadableCopyright = "Copyright © 2026";
				LD_RUNPATH_SEARCH_PATHS = (
					"$(inherited)",
					"@executable_path/../Frameworks",
				);
				MARKETING_VERSION = 1.0;
				PRODUCT_BUNDLE_IDENTIFIER = com.giladshpigelman.Clearance;
				PRODUCT_NAME = "$(TARGET_NAME)";
				SDKROOT = macosx;
				SUPPORTED_PLATFORMS = macosx;
				SWIFT_EMIT_LOC_STRINGS = YES;
				SWIFT_VERSION = 5.0;
			};
			name = Debug;
		};
		A90000000000000000000004 /* Release */ = {
			isa = XCBuildConfiguration;
			buildSettings = {
				CODE_SIGN_IDENTITY = "-";
				CODE_SIGN_STYLE = Automatic;
				CURRENT_PROJECT_VERSION = 1;
				DEVELOPMENT_ASSET_PATHS = "";
				DEVELOPMENT_TEAM = "";
				ENABLE_HARDENED_RUNTIME = YES;
				ENABLE_PREVIEWS = YES;
				GENERATE_INFOPLIST_FILE = YES;
				INFOPLIST_KEY_CFBundleDisplayName = Clearance;
				INFOPLIST_KEY_LSApplicationCategoryType = "public.app-category.finance";
				INFOPLIST_KEY_NSHumanReadableCopyright = "Copyright © 2026";
				LD_RUNPATH_SEARCH_PATHS = (
					"$(inherited)",
					"@executable_path/../Frameworks",
				);
				MARKETING_VERSION = 1.0;
				PRODUCT_BUNDLE_IDENTIFIER = com.giladshpigelman.Clearance;
				PRODUCT_NAME = "$(TARGET_NAME)";
				SDKROOT = macosx;
				SUPPORTED_PLATFORMS = macosx;
				SWIFT_EMIT_LOC_STRINGS = YES;
				SWIFT_VERSION = 5.0;
			};
			name = Release;
		};
/* End XCBuildConfiguration section */

/* Begin XCConfigurationList section */
		82378A1274D01E973562A95D /* Build configuration list for PBXNativeTarget "ClearanceUITests" */ = {
			isa = XCConfigurationList;
			buildConfigurations = (
				28DDA68B5D934826CEAA4669 /* Release */,
				3C5277BCEB668D44999DAFE4 /* Debug */,
			);
			defaultConfigurationIsVisible = 0;
			defaultConfigurationName = Release;
		};
		A80000000000000000000001 /* Build configuration list for PBXProject "Clearance" */ = {
			isa = XCConfigurationList;
			buildConfigurations = (
				A90000000000000000000001 /* Debug */,
				A90000000000000000000002 /* Release */,
			);
			defaultConfigurationIsVisible = 0;
			defaultConfigurationName = Release;
		};
		A80000000000000000000002 /* Build configuration list for PBXNativeTarget "Clearance" */ = {
			isa = XCConfigurationList;
			buildConfigurations = (
				A90000000000000000000003 /* Debug */,
				A90000000000000000000004 /* Release */,
			);
			defaultConfigurationIsVisible = 0;
			defaultConfigurationName = Release;
		};
/* End XCConfigurationList section */
	};
	rootObject = A50000000000000000000001 /* Project object */;
}
